
Microsoft Visual Studio Solution File, Format Version 12.00
# Visual Studio 14
VisualStudioVersion = 14.0.23107.0
MinimumVisualStudioVersion = 10.0.40219.1
Project("{FAE04EC0-301F-11D3-BF4B-00C04F79EFBC}") = "TJI", "TJI\TJI.csproj", "{2D77C680-A6F4-46E7-A23D-0804FFF9928B}"
EndProject
Project("{930C7802-8A8C-48F9-8165-68863BCCD9DD}") = "TJI_Setup", "TJI_Setup\TJI_Setup.wixproj", "{BD407448-F855-4556-9055-3E229A262CEF}"
EndProject
Project("{FAE04EC0-301F-11D3-BF4B-00C04F79EFBC}") = "TJI_Test", "TJI_Test\TJI_Test.csproj", "{C8FDE7E8-BADF-4422-B362-BD5C5FE193E4}"
EndProject
Global
	GlobalSection(SolutionConfigurationPlatforms) = preSolution
		Debug|Any CPU = Debug|Any CPU
		Debug|Mixed Platforms = Debug|Mixed Platforms
		Debug|x64 = Debug|x64
		Debug|x86 = Debug|x86
		Release|Any CPU = Release|Any CPU
		Release|Mixed Platforms = Release|Mixed Platforms
		Release|x64 = Release|x64
		Release|x86 = Release|x86
	EndGlobalSection
	GlobalSection(ProjectConfigurationPlatforms) = postSolution
		{2D77C680-A6F4-46E7-A23D-0804FFF9928B}.Debug|Any CPU.ActiveCfg = Debug|Any CPU
		{2D77C680-A6F4-46E7-A23D-0804FFF9928B}.Debug|Any CPU.Build.0 = Debug|Any CPU
		{2D77C680-A6F4-46E7-A23D-0804FFF9928B}.Debug|Mixed Platforms.ActiveCfg = Debug|Any CPU
		{2D77C680-A6F4-46E7-A23D-0804FFF9928B}.Debug|Mixed Platforms.Build.0 = Debug|Any CPU
		{2D77C680-A6F4-46E7-A23D-0804FFF9928B}.Debug|x64.ActiveCfg = Debug|Any CPU
		{2D77C680-A6F4-46E7-A23D-0804FFF9928B}.Debug|x86.ActiveCfg = Debug|Any CPU
		{2D77C680-A6F4-46E7-A23D-0804FFF9928B}.Release|Any CPU.ActiveCfg = Release|Any CPU
		{2D77C680-A6F4-46E7-A23D-0804FFF9928B}.Release|Any CPU.Build.0 = Release|Any CPU
		{2D77C680-A6F4-46E7-A23D-0804FFF9928B}.Release|Mixed Platforms.ActiveCfg = Release|Any CPU
		{2D77C680-A6F4-46E7-A23D-0804FFF9928B}.Release|Mixed Platforms.Build.0 = Release|Any CPU
		{2D77C680-A6F4-46E7-A23D-0804FFF9928B}.Release|x64.ActiveCfg = Release|Any CPU
		{2D77C680-A6F4-46E7-A23D-0804FFF9928B}.Release|x86.ActiveCfg = Release|Any CPU
		{BD407448-F855-4556-9055-3E229A262CEF}.Debug|Any CPU.ActiveCfg = Debug|x86
		{BD407448-F855-4556-9055-3E229A262CEF}.Debug|Mixed Platforms.ActiveCfg = Debug|x86
		{BD407448-F855-4556-9055-3E229A262CEF}.Debug|Mixed Platforms.Build.0 = Debug|x86
		{BD407448-F855-4556-9055-3E229A262CEF}.Debug|x64.ActiveCfg = Debug|x86
		{BD407448-F855-4556-9055-3E229A262CEF}.Debug|x86.ActiveCfg = Debug|x86
		{BD407448-F855-4556-9055-3E229A262CEF}.Debug|x86.Build.0 = Debug|x86
		{BD407448-F855-4556-9055-3E229A262CEF}.Release|Any CPU.ActiveCfg = Release|x86
		{BD407448-F855-4556-9055-3E229A262CEF}.Release|Mixed Platforms.ActiveCfg = Release|x86
		{BD407448-F855-4556-9055-3E229A262CEF}.Release|Mixed Platforms.Build.0 = Release|x86
		{BD407448-F855-4556-9055-3E229A262CEF}.Release|x64.ActiveCfg = Release|x86
		{BD407448-F855-4556-9055-3E229A262CEF}.Release|x86.ActiveCfg = Release|x86
		{BD407448-F855-4556-9055-3E229A262CEF}.Release|x86.Build.0 = Release|x86
		{C8FDE7E8-BADF-4422-B362-BD5C5FE193E4}.Debug|Any CPU.ActiveCfg = Debug|Any CPU
		{C8FDE7E8-BADF-4422-B362-BD5C5FE193E4}.Debug|Any CPU.Build.0 = Debug|Any CPU
		{C8FDE7E8-BADF-4422-B362-BD5C5FE193E4}.Debug|Mixed Platforms.ActiveCfg = Debug|Any CPU
		{C8FDE7E8-BADF-4422-B362-BD5C5FE193E4}.Debug|Mixed Platforms.Build.0 = Debug|Any CPU
		{C8FDE7E8-BADF-4422-B362-BD5C5FE193E4}.Debug|x64.ActiveCfg = Debug|Any CPU
		{C8FDE7E8-BADF-4422-B362-BD5C5FE193E4}.Debug|x64.Build.0 = Debug|Any CPU
		{C8FDE7E8-BADF-4422-B362-BD5C5FE193E4}.Debug|x86.ActiveCfg = Debug|Any CPU
		{C8FDE7E8-BADF-4422-B362-BD5C5FE193E4}.Debug|x86.Build.0 = Debug|Any CPU
		{C8FDE7E8-BADF-4422-B362-BD5C5FE193E4}.Release|Any CPU.ActiveCfg = Release|Any CPU
		{C8FDE7E8-BADF-4422-B362-BD5C5FE193E4}.Release|Any CPU.Build.0 = Release|Any CPU
		{C8FDE7E8-BADF-4422-B362-BD5C5FE193E4}.Release|Mixed Platforms.ActiveCfg = Release|Any CPU
		{C8FDE7E8-BADF-4422-B362-BD5C5FE193E4}.Release|Mixed Platforms.Build.0 = Release|Any CPU
		{C8FDE7E8-BADF-4422-B362-BD5C5FE193E4}.Release|x64.ActiveCfg = Release|Any CPU
		{C8FDE7E8-BADF-4422-B362-BD5C5FE193E4}.Release|x64.Build.0 = Release|Any CPU
		{C8FDE7E8-BADF-4422-B362-BD5C5FE193E4}.Release|x86.ActiveCfg = Release|Any CPU
		{C8FDE7E8-BADF-4422-B362-BD5C5FE193E4}.Release|x86.Build.0 = Release|Any CPU
	EndGlobalSection
	GlobalSection(SolutionProperties) = preSolution
		HideSolutionNode = FALSE
	EndGlobalSection
EndGlobal
